{
  "version": "4",
  "specifiers": {
    "jsr:@plasmaconduit/strata@0.1": "0.1.0"
  },
  "jsr": {
    "@plasmaconduit/strata@0.1.0": {
      "integrity": "f0c9b43f129b7b8b1a4191105c97a57273b938001a16cbea92ee7d574ad68b46"
    }
  },
  "workspace": {
    "dependencies": [
      "jsr:@plasmaconduit/strata@0.1"
    ]
  }
}
