{
  "name": "fetch-wrapper",
  "version": "1.0.0",
  "lockfileVersion": 3,
  "requires": true,
  "packages": {
    "": {
      "name": "fetch-wrapper",
      "version": "1.0.0",
      "license": "MIT",
      "dependencies": {
        "@plasmaconduit/strata": "0.1.0"
      },
      "devDependencies": {
        "typescript": "^5.8.3"
      },
      "engines": {
        "node": ">=22.0.0"
      }
    },
    "node_modules/@plasmaconduit/strata": {
      "version": "0.1.0",
      "resolved": "https://registry.npmjs.org/@plasmaconduit/strata/-/strata-0.1.0.tgz",
      "integrity": "sha512-6C1Fj3lD3c3HU7wpTSNcKcxRvLT43ytyQ1ezA801TQ48UgxQ9MDtMDunD6hAqxFR8nTP8o/nghLOan3eLF6BrQ==",
      "license": "MIT"
    },
    "node_modules/typescript": {
      "version": "5.8.3",
      "resolved": "https://registry.npmjs.org/typescript/-/typescript-5.8.3.tgz",
      "integrity": "sha512-p1diW6TqL9L07nNxvRMM7hMMw4c5XOo/1ibL4aAIGmSAt9slTE1Xgw5KWuof2uTOvCg9BY7ZRi+GaF+7sfgPeQ==",
      "dev": true,
      "license": "Apache-2.0",
      "bin": {
        "tsc": "bin/tsc",
        "tsserver": "bin/tsserver"
      },
      "engines": {
        "node": ">=14.17"
      }
    }
  }
}
